// !$*UTF8*$!
{
	archiveVersion = 1;
	classes = {
	};
	objectVersion = 50;
	objects = {

/* Begin PBXBuildFile section */
		FA2C460326628FCE00B59CBD /* CollageViewController.swift in Sources */ = {isa = PBXBuildFile; fileRef = FA2C460226628FCE00B59CBD /* CollageViewController.swift */; };
		FA736E33265FD0360058BD64 /* AppDelegate.swift in Sources */ = {isa = PBXBuildFile; fileRef = FA736E32265FD0360058BD64 /* AppDelegate.swift */; };
		FA736E35265FD0360058BD64 /* SceneDelegate.swift in Sources */ = {isa = PBXBuildFile; fileRef = FA736E34265FD0360058BD64 /* SceneDelegate.swift */; };
		FA736E37265FD0360058BD64 /* ViewController.swift in Sources */ = {isa = PBXBuildFile; fileRef = FA736E36265FD0360058BD64 /* ViewController.swift */; };
		FA736E3A265FD0360058BD64 /* Main.storyboard in Resources */ = {isa = PBXBuildFile; fileRef = FA736E38265FD0360058BD64 /* Main.storyboard */; };
		FA736E3C265FD03B0058BD64 /* Assets.xcassets in Resources */ = {isa = PBXBuildFile; fileRef = FA736E3B265FD03B0058BD64 /* Assets.xcassets */; };
		FA736E3F265FD03B0058BD64 /* LaunchScreen.storyboard in Resources */ = {isa = PBXBuildFile; fileRef = FA736E3D265FD03B0058BD64 /* LaunchScreen.storyboard */; };
/* End PBXBuildFile section */

/* Begin PBXFileReference section */
		FA2C460226628FCE00B59CBD /* CollageViewController.swift */ = {isa = PBXFileReference; lastKnownFileType = sourcecode.swift; path = CollageViewController.swift; sourceTree = "<group>"; };
		FA736E2F265FD0360058BD64 /* Readdle-iOS Intern Documents.app */ = {isa = PBXFileReference; explicitFileType = wrapper.application; includeInIndex = 0; path = "Readdle-iOS Intern Documents.app"; sourceTree = BUILT_PRODUCTS_DIR; };
		FA736E32265FD0360058BD64 /* AppDelegate.swift */ = {isa = PBXFileReference; lastKnownFileType = sourcecode.swift; path = AppDelegate.swift; sourceTree = "<group>"; };
		FA736E34265FD0360058BD64 /* SceneDelegate.swift */ = {isa = PBXFileReference; lastKnownFileType = sourcecode.swift; path = SceneDelegate.swift; sourceTree = "<group>"; };
		FA736E36265FD0360058BD64 /* ViewController.swift */ = {isa = PBXFileReference; lastKnownFileType = sourcecode.swift; path = ViewController.swift; sourceTree = "<group>"; };
		FA736E39265FD0360058BD64 /* Base */ = {isa = PBXFileReference; lastKnownFileType = file.storyboard; name = Base; path = Base.lproj/Main.storyboard; sourceTree = "<group>"; };
		FA736E3B265FD03B0058BD64 /* Assets.xcassets */ = {isa = PBXFileReference; lastKnownFileType = folder.assetcatalog; path = Assets.xcassets; sourceTree = "<group>"; };
		FA736E3E265FD03B0058BD64 /* Base */ = {isa = PBXFileReference; lastKnownFileType = file.storyboard; name = Base; path = Base.lproj/LaunchScreen.storyboard; sourceTree = "<group>"; };
		FA736E40265FD03B0058BD64 /* Info.plist */ = {isa = PBXFileReference; lastKnownFileType = text.plist.xml; path = Info.plist; sourceTree = "<group>"; };
/* End PBXFileReference section */

/* Begin PBXFrameworksBuildPhase section */
		FA736E2C265FD0360058BD64 /* Frameworks */ = {
			isa = PBXFrameworksBuildPhase;
			buildActionMask = 2147483647;
			files = (
			);
			runOnlyForDeploymentPostprocessing = 0;
		};
/* End PBXFrameworksBuildPhase section */

/* Begin PBXGroup section */
		FA736E26265FD0350058BD64 = {
			isa = PBXGroup;
			children = (
				FA736E31265FD0360058BD64 /* Readdle-iOS Intern Documents */,
				FA736E30265FD0360058BD64 /* Products */,
			);
			sourceTree = "<group>";
		};
		FA736E30265FD0360058BD64 /* Products */ = {
			isa = PBXGroup;
			children = (
				FA736E2F265FD0360058BD64 /* Readdle-iOS Intern Documents.app */,
			);
			name = Products;
			sourceTree = "<group>";
		};
		FA736E31265FD0360058BD64 /* Readdle-iOS Intern Documents */ = {
			isa = PBXGroup;
			children = (
				FA736E32265FD0360058BD64 /* AppDelegate.swift */,
				FA736E34265FD0360058BD64 /* SceneDelegate.swift */,
				FA736E36265FD0360058BD64 /* ViewController.swift */,
				FA736E38265FD0360058BD64 /* Main.storyboard */,
				FA2C460226628FCE00B59CBD /* CollageViewController.swift */,
				FA736E3B265FD03B0058BD64 /* Assets.xcassets */,
				FA736E3D265FD03B0058BD64 /* LaunchScreen.storyboard */,
				FA736E40265FD03B0058BD64 /* Info.plist */,
			);
			path = "Readdle-iOS Intern Documents";
			sourceTree = "<group>";
		};
/* End PBXGroup section */

/* Begin PBXNativeTarget section */
		FA736E2E265FD0360058BD64 /* Readdle-iOS Intern Documents */ = {
			isa = PBXNativeTarget;
			buildConfigurationList = FA736E43265FD03B0058BD64 /* Build configuration list for PBXNativeTarget "Readdle-iOS Intern Documents" */;
			buildPhases = (
				FA736E2B265FD0360058BD64 /* Sources */,
				FA736E2C265FD0360058BD64 /* Frameworks */,
				FA736E2D265FD0360058BD64 /* Resources */,
			);
			buildRules = (
			);
			dependencies = (
			);
			name = "Readdle-iOS Intern Documents";
			productName = "Readdle-iOS Intern Documents";
			productReference = FA736E2F265FD0360058BD64 /* Readdle-iOS Intern Documents.app */;
			productType = "com.apple.product-type.application";
		};
/* End PBXNativeTarget section */

/* Begin PBXProject section */
		FA736E27265FD0350058BD64 /* Project object */ = {
			isa = PBXProject;
			attributes = {
				LastSwiftUpdateCheck = 1250;
				LastUpgradeCheck = 1250;
				TargetAttributes = {
					FA736E2E265FD0360058BD64 = {
						CreatedOnToolsVersion = 12.5;
					};
				};
			};
			buildConfigurationList = FA736E2A265FD0360058BD64 /* Build configuration list for PBXProject "Readdle-iOS Intern Documents" */;
			compatibilityVersion = "Xcode 9.3";
			developmentRegion = en;
			hasScannedForEncodings = 0;
			knownRegions = (
				en,
				Base,
			);
			mainGroup = FA736E26265FD0350058BD64;
			productRefGroup = FA736E30265FD0360058BD64 /* Products */;
			projectDirPath = "";
			projectRoot = "";
			targets = (
				FA736E2E265FD0360058BD64 /* Readdle-iOS Intern Documents */,
			);
		};
/* End PBXProject section */

/* Begin PBXResourcesBuildPhase section */
		FA736E2D265FD0360058BD64 /* Resources */ = {
			isa = PBXResourcesBuildPhase;
			buildActionMask = 2147483647;
			files = (
				FA736E3F265FD03B0058BD64 /* LaunchScreen.storyboard in Resources */,
				FA736E3C265FD03B0058BD64 /* Assets.xcassets in Resources */,
				FA736E3A265FD0360058BD64 /* Main.storyboard in Resources */,
			);
			runOnlyForDeploymentPostprocessing = 0;
		};
/* End PBXResourcesBuildPhase section */

/* Begin PBXSourcesBuildPhase section */
		FA736E2B265FD0360058BD64 /* Sources */ = {
			isa = PBXSourcesBuildPhase;
			buildActionMask = 2147483647;
			files = (
				FA736E37265FD0360058BD64 /* ViewController.swift in Sources */,
				FA736E33265FD0360058BD64 /* AppDelegate.swift in Sources */,
				FA736E35265FD0360058BD64 /* SceneDelegate.swift in Sources */,
				FA2C460326628FCE00B59CBD /* CollageViewController.swift in Sources */,
			);
			runOnlyForDeploymentPostprocessing = 0;
		};
/* End PBXSourcesBuildPhase section */

/* Begin PBXVariantGroup section */
		FA736E38265FD0360058BD64 /* Main.storyboard */ = {
			isa = PBXVariantGroup;
			children = (
				FA736E39265FD0360058BD64 /* Base */,
			);
			name = Main.storyboard;
			sourceTree = "<group>";
		};
		FA736E3D265FD03B0058BD64 /* LaunchScreen.storyboard */ = {
			isa = PBXVariantGroup;
			children = (
				FA736E3E265FD03B0058BD64 /* Base */,
			);
			name = LaunchScreen.storyboard;
			sourceTree = "<group>";
		};
/* End PBXVariantGroup section */

/* Begin XCBuildConfiguration section */
		FA736E41265FD03B0058BD64 /* Debug */ = {
			isa = XCBuildConfiguration;
			buildSettings = {
				ALWAYS_SEARCH_USER_PATHS = NO;
				CLANG_ANALYZER_NONNULL = YES;
				CLANG_ANALYZER_NUMBER_OBJECT_CONVERSION = YES_AGGRESSIVE;
				CLANG_CXX_LANGUAGE_STANDARD = "gnu++14";
				CLANG_CXX_LIBRARY = "libc++";
				CLANG_ENABLE_MODULES = YES;
				CLANG_ENABLE_OBJC_ARC = YES;
				CLANG_ENABLE_OBJC_WEAK = YES;
				CLANG_WARN_BLOCK_CAPTURE_AUTORELEASING = YES;
				CLANG_WARN_BOOL_CONVERSION = YES;
				CLANG_WARN_COMMA = YES;
				CLANG_WARN_CONSTANT_CONVERSION = YES;
				CLANG_WARN_DEPRECATED_OBJC_IMPLEMENTATIONS = YES;
				CLANG_WARN_DIRECT_OBJC_ISA_USAGE = YES_ERROR;
				CLANG_WARN_DOCUMENTATION_COMMENTS = YES;
				CLANG_WARN_EMPTY_BODY = YES;
				CLANG_WARN_ENUM_CONVERSION = YES;
				CLANG_WARN_INFINITE_RECURSION = YES;
				CLANG_WARN_INT_CONVERSION = YES;
				CLANG_WARN_NON_LITERAL_NULL_CONVERSION = YES;
				CLANG_WARN_OBJC_IMPLICIT_RETAIN_SELF = YES;
				CLANG_WARN_OBJC_LITERAL_CONVERSION = YES;
				CLANG_WARN_OBJC_ROOT_CLASS = YES_ERROR;
				CLANG_WARN_QUOTED_INCLUDE_IN_FRAMEWORK_HEADER = YES;
				CLANG_WARN_RANGE_LOOP_ANALYSIS = YES;
				CLANG_WARN_STRICT_PROTOTYPES = YES;
				CLANG_WARN_SUSPICIOUS_MOVE = YES;
				CLANG_WARN_UNGUARDED_AVAILABILITY = YES_AGGRESSIVE;
				CLANG_WARN_UNREACHABLE_CODE = YES;
				CLANG_WARN__DUPLICATE_METHOD_MATCH = YES;
				COPY_PHASE_STRIP = NO;
				DEBUG_INFORMATION_FORMAT = dwarf;
				ENABLE_STRICT_OBJC_MSGSEND = YES;
				ENABLE_TESTABILITY = YES;
				GCC_C_LANGUAGE_STANDARD = gnu11;
				GCC_DYNAMIC_NO_PIC = NO;
				GCC_NO_COMMON_BLOCKS = YES;
				GCC_OPTIMIZATION_LEVEL = 0;
				GCC_PREPROCESSOR_DEFINITIONS = (
					"DEBUG=1",
					"$(inherited)",
				);
				GCC_WARN_64_TO_32_BIT_CONVERSION = YES;
				GCC_WARN_ABOUT_RETURN_TYPE = YES_ERROR;
				GCC_WARN_UNDECLARED_SELECTOR = YES;
				GCC_WARN_UNINITIALIZED_AUTOS = YES_AGGRESSIVE;
				GCC_WARN_UNUSED_FUNCTION = YES;
				GCC_WARN_UNUSED_VARIABLE = YES;
				IPHONEOS_DEPLOYMENT_TARGET = 14.5;
				MTL_ENABLE_DEBUG_INFO = INCLUDE_SOURCE;
				MTL_FAST_MATH = YES;
				ONLY_ACTIVE_ARCH = YES;
				SDKROOT = iphoneos;
				SWIFT_ACTIVE_COMPILATION_CONDITIONS = DEBUG;
				SWIFT_OPTIMIZATION_LEVEL = "-Onone";
			};
			name = Debug;
		};
		FA736E42265FD03B0058BD64 /* Release */ = {
			isa = XCBuildConfiguration;
			buildSettings = {
				ALWAYS_SEARCH_USER_PATHS = NO;
				CLANG_ANALYZER_NONNULL = YES;
				CLANG_ANALYZER_NUMBER_OBJECT_CONVERSION = YES_AGGRESSIVE;
				CLANG_CXX_LANGUAGE_STANDARD = "gnu++14";
				CLANG_CXX_LIBRARY = "libc++";
				CLANG_ENABLE_MODULES = YES;
				CLANG_ENABLE_OBJC_ARC = YES;
				CLANG_ENABLE_OBJC_WEAK = YES;
				CLANG_WARN_BLOCK_CAPTURE_AUTORELEASING = YES;
				CLANG_WARN_BOOL_CONVERSION = YES;
				CLANG_WARN_COMMA = YES;
				CLANG_WARN_CONSTANT_CONVERSION = YES;
				CLANG_WARN_DEPRECATED_OBJC_IMPLEMENTATIONS = YES;
				CLANG_WARN_DIRECT_OBJC_ISA_USAGE = YES_ERROR;
				CLANG_WARN_DOCUMENTATION_COMMENTS = YES;
				CLANG_WARN_EMPTY_BODY = YES;
				CLANG_WARN_ENUM_CONVERSION = YES;
				CLANG_WARN_INFINITE_RECURSION = YES;
				CLANG_WARN_INT_CONVERSION = YES;
				CLANG_WARN_NON_LITERAL_NULL_CONVERSION = YES;
				CLANG_WARN_OBJC_IMPLICIT_RETAIN_SELF = YES;
				CLANG_WARN_OBJC_LITERAL_CONVERSION = YES;
				CLANG_WARN_OBJC_ROOT_CLASS = YES_ERROR;
				CLANG_WARN_QUOTED_INCLUDE_IN_FRAMEWORK_HEADER = YES;
				CLANG_WARN_RANGE_LOOP_ANALYSIS = YES;
				CLANG_WARN_STRICT_PROTOTYPES = YES;
				CLANG_WARN_SUSPICIOUS_MOVE = YES;
				CLANG_WARN_UNGUARDED_AVAILABILITY = YES_AGGRESSIVE;
				CLANG_WARN_UNREACHABLE_CODE = YES;
				CLANG_WARN__DUPLICATE_METHOD_MATCH = YES;
				COPY_PHASE_STRIP = NO;
				DEBUG_INFORMATION_FORMAT = "dwarf-with-dsym";
				ENABLE_NS_ASSERTIONS = NO;
				ENABLE_STRICT_OBJC_MSGSEND = YES;
				GCC_C_LANGUAGE_STANDARD = gnu11;
				GCC_NO_COMMON_BLOCKS = YES;
				GCC_WARN_64_TO_32_BIT_CONVERSION = YES;
				GCC_WARN_ABOUT_RETURN_TYPE = YES_ERROR;
				GCC_WARN_UNDECLARED_SELECTOR = YES;
				GCC_WARN_UNINITIALIZED_AUTOS = YES_AGGRESSIVE;
				GCC_WARN_UNUSED_FUNCTION = YES;
				GCC_WARN_UNUSED_VARIABLE = YES;
				IPHONEOS_DEPLOYMENT_TARGET = 14.5;
				MTL_ENABLE_DEBUG_INFO = NO;
				MTL_FAST_MATH = YES;
				SDKROOT = iphoneos;
				SWIFT_COMPILATION_MODE = wholemodule;
				SWIFT_OPTIMIZATION_LEVEL = "-O";
				VALIDATE_PRODUCT = YES;
			};
			name = Release;
		};
		FA736E44265FD03B0058BD64 /* Debug */ = {
			isa = XCBuildConfiguration;
			buildSettings = {
				ASSETCATALOG_COMPILER_APPICON_NAME = AppIcon;
				ASSETCATALOG_COMPILER_GLOBAL_ACCENT_COLOR_NAME = AccentColor;
				CODE_SIGN_STYLE = Automatic;
				DEVELOPMENT_TEAM = 43WY7YM2KD;
				INFOPLIST_FILE = "Readdle-iOS Intern Documents/Info.plist";
				IPHONEOS_DEPLOYMENT_TARGET = 13.0;
				LD_RUNPATH_SEARCH_PATHS = (
					"$(inherited)",
					"@executable_path/Frameworks",
				);
				PRODUCT_BUNDLE_IDENTIFIER = "dante.Readdle-iOS-Intern-Documents";
				PRODUCT_NAME = "$(TARGET_NAME)";
				SWIFT_VERSION = 5.0;
				TARGETED_DEVICE_FAMILY = 1;
			};
			name = Debug;
		};
		FA736E45265FD03B0058BD64 /* Release */ = {
			isa = XCBuildConfiguration;
			buildSettings = {
				ASSETCATALOG_COMPILER_APPICON_NAME = AppIcon;
				ASSETCATALOG_COMPILER_GLOBAL_ACCENT_COLOR_NAME = AccentColor;
				CODE_SIGN_STYLE = Automatic;
				DEVELOPMENT_TEAM = 43WY7YM2KD;
				INFOPLIST_FILE = "Readdle-iOS Intern Documents/Info.plist";
				IPHONEOS_DEPLOYMENT_TARGET = 13.0;
				LD_RUNPATH_SEARCH_PATHS = (
					"$(inherited)",
					"@executable_path/Frameworks",
				);
				PRODUCT_BUNDLE_IDENTIFIER = "dante.Readdle-iOS-Intern-Documents";
				PRODUCT_NAME = "$(TARGET_NAME)";
				SWIFT_VERSION = 5.0;
				TARGETED_DEVICE_FAMILY = 1;
			};
			name = Release;
		};
/* End XCBuildConfiguration section */

/* Begin XCConfigurationList section */
		FA736E2A265FD0360058BD64 /* Build configuration list for PBXProject "Readdle-iOS Intern Documents" */ = {
			isa = XCConfigurationList;
			buildConfigurations = (
				FA736E41265FD03B0058BD64 /* Debug */,
				FA736E42265FD03B0058BD64 /* Release */,
			);
			defaultConfigurationIsVisible = 0;
			defaultConfigurationName = Release;
		};
		FA736E43265FD03B0058BD64 /* Build configuration list for PBXNativeTarget "Readdle-iOS Intern Documents" */ = {
			isa = XCConfigurationList;
			buildConfigurations = (
				FA736E44265FD03B0058BD64 /* Debug */,
				FA736E45265FD03B0058BD64 /* Release */,
			);
			defaultConfigurationIsVisible = 0;
			defaultConfigurationName = Release;
		};
/* End XCConfigurationList section */
	};
	rootObject = FA736E27265FD0350058BD64 /* Project object */;
}
